
Microsoft Visual Studio Solution File, Format Version 12.00
# Visual Studio Version 16
VisualStudioVersion = 16.0.31205.134
MinimumVisualStudioVersion = 10.0.40219.1
Project("{FAE04EC0-301F-11D3-BF4B-00C04F79EFBC}") = "WpfApp1", "WpfApp1.csproj", "{F55A2FDE-6BAD-4A08-BA24-7C90CAB48430}"
EndProject
Global
	GlobalSection(SolutionConfigurationPlatforms) = preSolution
		Debug|Any CPU = Debug|Any CPU
		Release|Any CPU = Release|Any CPU
	EndGlobalSection
	GlobalSection(ProjectConfigurationPlatforms) = postSolution
		{F55A2FDE-6BAD-4A08-BA24-7C90CAB48430}.Debug|Any CPU.ActiveCfg = Debug|Any CPU
		{F55A2FDE-6BAD-4A08-BA24-7C90CAB48430}.Debug|Any CPU.Build.0 = Debug|Any CPU
		{F55A2FDE-6BAD-4A08-BA24-7C90CAB48430}.Release|Any CPU.ActiveCfg = Release|Any CPU
		{F55A2FDE-6BAD-4A08-BA24-7C90CAB48430}.Release|Any CPU.Build.0 = Release|Any CPU
	EndGlobalSection
	GlobalSection(SolutionProperties) = preSolution
		HideSolutionNode = FALSE
	EndGlobalSection
	GlobalSection(ExtensibilityGlobals) = postSolution
		SolutionGuid = {9B3693F5-CA56-46F8-9681-EAFF0E861AD8}
	EndGlobalSection
EndGlobal
