
Microsoft Visual Studio Solution File, Format Version 12.00
# Visual Studio Version 16
VisualStudioVersion = 16.0.31205.134
MinimumVisualStudioVersion = 10.0.40219.1
Project("{FAE04EC0-301F-11D3-BF4B-00C04F79EFBC}") = "GenericStacks", "GenericStacks.csproj", "{3CCC9E78-BF29-44D7-AB60-188F2B3F08E9}"
EndProject
Global
	GlobalSection(SolutionConfigurationPlatforms) = preSolution
		Debug|Any CPU = Debug|Any CPU
		Release|Any CPU = Release|Any CPU
	EndGlobalSection
	GlobalSection(ProjectConfigurationPlatforms) = postSolution
		{3CCC9E78-BF29-44D7-AB60-188F2B3F08E9}.Debug|Any CPU.ActiveCfg = Debug|Any CPU
		{3CCC9E78-BF29-44D7-AB60-188F2B3F08E9}.Debug|Any CPU.Build.0 = Debug|Any CPU
		{3CCC9E78-BF29-44D7-AB60-188F2B3F08E9}.Release|Any CPU.ActiveCfg = Release|Any CPU
		{3CCC9E78-BF29-44D7-AB60-188F2B3F08E9}.Release|Any CPU.Build.0 = Release|Any CPU
	EndGlobalSection
	GlobalSection(SolutionProperties) = preSolution
		HideSolutionNode = FALSE
	EndGlobalSection
	GlobalSection(ExtensibilityGlobals) = postSolution
		SolutionGuid = {228B84DA-D928-4951-B77F-B44A3068E66B}
	EndGlobalSection
EndGlobal
