
Microsoft Visual Studio Solution File, Format Version 12.00
# Visual Studio Version 16
VisualStudioVersion = 16.0.31205.134
MinimumVisualStudioVersion = 10.0.40219.1
Project("{FAE04EC0-301F-11D3-BF4B-00C04F79EFBC}") = "HelloWorld", "HelloWorld\HelloWorld.csproj", "{E970A3F3-A87E-427A-B762-D9ED0F795E1D}"
EndProject
Global
	GlobalSection(SolutionConfigurationPlatforms) = preSolution
		Debug|Any CPU = Debug|Any CPU
		Release|Any CPU = Release|Any CPU
	EndGlobalSection
	GlobalSection(ProjectConfigurationPlatforms) = postSolution
		{E970A3F3-A87E-427A-B762-D9ED0F795E1D}.Debug|Any CPU.ActiveCfg = Debug|Any CPU
		{E970A3F3-A87E-427A-B762-D9ED0F795E1D}.Debug|Any CPU.Build.0 = Debug|Any CPU
		{E970A3F3-A87E-427A-B762-D9ED0F795E1D}.Release|Any CPU.ActiveCfg = Release|Any CPU
		{E970A3F3-A87E-427A-B762-D9ED0F795E1D}.Release|Any CPU.Build.0 = Release|Any CPU
	EndGlobalSection
	GlobalSection(SolutionProperties) = preSolution
		HideSolutionNode = FALSE
	EndGlobalSection
	GlobalSection(ExtensibilityGlobals) = postSolution
		SolutionGuid = {394F34BD-6172-4379-98A9-C493369B2E24}
	EndGlobalSection
EndGlobal
