
Microsoft Visual Studio Solution File, Format Version 12.00
# Visual Studio Version 16
VisualStudioVersion = 16.0.31313.79
MinimumVisualStudioVersion = 10.0.40219.1
Project("{FAE04EC0-301F-11D3-BF4B-00C04F79EFBC}") = "TicTacToe", "TicTacToe.csproj", "{69341314-81B4-4BC6-B94F-44412A5A8B1E}"
EndProject
Global
	GlobalSection(SolutionConfigurationPlatforms) = preSolution
		Debug|Any CPU = Debug|Any CPU
		Release|Any CPU = Release|Any CPU
	EndGlobalSection
	GlobalSection(ProjectConfigurationPlatforms) = postSolution
		{69341314-81B4-4BC6-B94F-44412A5A8B1E}.Debug|Any CPU.ActiveCfg = Debug|Any CPU
		{69341314-81B4-4BC6-B94F-44412A5A8B1E}.Debug|Any CPU.Build.0 = Debug|Any CPU
		{69341314-81B4-4BC6-B94F-44412A5A8B1E}.Release|Any CPU.ActiveCfg = Release|Any CPU
		{69341314-81B4-4BC6-B94F-44412A5A8B1E}.Release|Any CPU.Build.0 = Release|Any CPU
	EndGlobalSection
	GlobalSection(SolutionProperties) = preSolution
		HideSolutionNode = FALSE
	EndGlobalSection
	GlobalSection(ExtensibilityGlobals) = postSolution
		SolutionGuid = {A6D82266-99B4-4F8D-9C56-D73EEB1FAFDE}
	EndGlobalSection
EndGlobal
